{
    "_meta": {
        "hash": {
            "sha256": "54109c95cba4259236e3814d9729ac80fa7f6abe9df278d248fe64e26a26f1ef"
        },
        "pipfile-spec": 6,
        "requires": {
            "python_version": "3.9"
        },
        "sources": [
            {
                "name": "pypi",
                "url": "https://pypi.org/simple",
                "verify_ssl": true
            }
        ]
    },
    "default": {
        "decorator": {
            "hashes": [
                "sha256:41fa54c2a0cc4ba648be4fd43cff00aedf5b9465c9bf18d64325bc225f08f760",
                "sha256:e3a62f0520172440ca0dcc823749319382e377f37f140a0b99ef45fecb84bfe7"
            ],
            "version": "==4.4.2"
        },
        "graphviz": {
            "hashes": [
                "sha256:3cad5517c961090dfc679df6402a57de62d97703e2880a1a46147bb0dc1639eb",
                "sha256:d2d25af1c199cad567ce4806f0449cb74eb30cf451fd7597251e1da099ac6e57"
            ],
            "index": "pypi",
            "version": "==0.16"
        },
        "networkx": {
            "hashes": [
                "sha256:7978955423fbc9639c10498878be59caf99b44dc304c2286162fd24b458c1602",
                "sha256:8c5812e9f798d37c50570d15c4a69d5710a18d77bafc903ee9c5fba7454c616c"
            ],
            "index": "pypi",
            "version": "==2.5"
        },
        "nose": {
            "hashes": [
                "sha256:9ff7c6cc443f8c51994b34a667bbcf45afd6d945be7477b52e97516fd17c53ac",
                "sha256:dadcddc0aefbf99eea214e0f1232b94f2fa9bd98fa8353711dacb112bfcbbb2a",
                "sha256:f1bffef9cbc82628f6e7d7b40d7e255aefaa1adb6a1b1d26c69a8b79e6208a98"
            ],
            "version": "==1.3.7"
        },
        "ply": {
            "hashes": [
                "sha256:00c7c1aaa88358b9c765b6d3000c6eec0ba42abca5351b095321aef446081da3",
                "sha256:096f9b8350b65ebd2fd1346b12452efe5b9607f7482813ffca50c22722a807ce"
            ],
            "version": "==3.11"
        },
        "pydot": {
            "hashes": [
                "sha256:248081a39bcb56784deb018977e428605c1c758f10897a339fce1dd728ff007d",
                "sha256:66c98190c65b8d2e2382a441b4c0edfdb4f4c025ef9cb9874de478fb0793a451"
            ],
            "index": "pypi",
            "version": "==1.4.2"
        },
        "pyomo": {
            "hashes": [
                "sha256:279c44965bb5904acfaa3acabf7e4cff73efb7afc8173f95119a12cb9c7143d9",
                "sha256:2c4697107477a1b9cc9dad534d8f9c2dc6ee397c47ad44113e257732b83cfc8f",
                "sha256:3f7b60dda93e1f676e65e90e343c3fb6f2e5c57559ec605899ce94056e5ed7b0",
                "sha256:533a728e0fbf87c429f1a096d4bdcbe2a671dd45902ddc6b98ac4279fa4879df",
                "sha256:56171f0ddd974131e391bf7564e4513b198a51b5fcdab36364dddb051eeb2afa",
                "sha256:584943dab2b2269348a60f3e7148fdd7321645974f7039c25cac498d22ad9404",
                "sha256:5db8a9eb1d2273ab868c67900864c6b4f1a835b9858e005a5ebc667301116985",
                "sha256:5f17a3b87da85409ef08e2a408a5538569095bb5e6b62779b9ae0b26dd1d3473",
                "sha256:61b28ff211f1a0b0d89fe0f9fbf799a0aaaefe7585d728dfb3d9f3bfc51e7287",
                "sha256:6b256c9c39568441c63bf00759c45761717e62f60fc3ff3bd6de09c83b9d3c44",
                "sha256:6b3635e8c02f6c584af8d3ae5d5058d48a40aaac291ad404caf62ac8a9f59cf6",
                "sha256:6e773617ea69a40f4358163d1130104ccca96288b4513cc3664d00235a872abd",
                "sha256:8d76470badc3a25844267d287d16b23e8ee8cdcee2f0aa47b8a004949a4d257d",
                "sha256:910364d5b0c485411a6c5ae590b805c7496e6b6581c74f052bf134031f3f7dae",
                "sha256:b2edd19c6b02fa403494de43fccdf8fb707e095f6ac8b9986fa40bd7a4ba8266",
                "sha256:ba0b0b6ca4d3cf70397d8119affe164a37afafad482a62786ce05bf89aafb809",
                "sha256:be6fddca633adf3b5b63f6d485df02d10bb214f6f41dfc9a05fffe6375634df9",
                "sha256:c5816c0ac96a3af47a714547bd862260833389c68debef1481b24664e39782ec",
                "sha256:cc59f505a02bb704f33c751dba3e1d9ec84b8ea70abeb06ae082792c5787a4e9",
                "sha256:e05e1e2b21961ce7766b1afe82765d69d49966f488c9641da404afb291fd6b50",
                "sha256:e40bab9965d4fa1f8b517bc841908078cde0f5059ce0c3c9f1dfa2e81f294cac",
                "sha256:f4524a99525e40ed552ec94516a0a362ba81d494f1b0f18a45672d2938f36b3a",
                "sha256:fc30212799c7ad34722d2c077269665fb5c30c52f92805ea7c4e9f34be6d7ed7"
            ],
            "index": "pypi",
            "version": "==5.7.3"
        },
        "pyparsing": {
            "hashes": [
                "sha256:c203ec8783bf771a155b207279b9bccb8dea02d8f0c9e5f8ead507bc3246ecc1",
                "sha256:ef9d7589ef3c200abe66653d3f1ab1033c3c419ae9b9bdb1240a85b024efc88b"
            ],
            "markers": "python_version >= '2.6' and python_version not in '3.0, 3.1, 3.2, 3.3'",
            "version": "==2.4.7"
        },
        "pyutilib": {
            "hashes": [
                "sha256:d3c14f8ed9028a831b2bf51b8ab7776eba87e66cfc58a06b99c359aaa640f040",
                "sha256:f1f82d05ad8c42baeef915c8d3d97c0a3cbed6c506c857ab0ab7694dea50ebd8"
            ],
            "markers": "python_version >= '2.7' and python_version not in '3.0, 3.1, 3.2, 3.3'",
            "version": "==6.0.0"
        },
        "six": {
            "hashes": [
                "sha256:30639c035cdb23534cd4aa2dd52c3bf48f06e5f4a941509c8bafd8ce11080259",
                "sha256:8b74bedcbbbaca38ff6d7491d76f2b06b3592611af620f8426e82dddb04a5ced"
            ],
            "markers": "python_version >= '2.7' and python_version not in '3.0, 3.1, 3.2, 3.3'",
            "version": "==1.15.0"
        },
        "svgwrite": {
            "hashes": [
                "sha256:4b21652a1d9c543a6bf4f9f2a54146b214519b7540ca60cb99968ad09ef631d0",
                "sha256:e220a4bf189e7e214a55e8a11421d152b5b6fb1dd660c86a8b6b61fe8cc2ac48"
            ],
            "index": "pypi",
            "version": "==1.4.1"
        },
        "tqdm": {
            "hashes": [
                "sha256:65185676e9fdf20d154cffd1c5de8e39ef9696ff7e59fe0156b1b08e468736af",
                "sha256:70657337ec104eb4f3fb229285358f23f045433f6aea26846cdd55f0fd68945c"
            ],
            "index": "pypi",
            "version": "==4.57.0"
        }
    },
    "develop": {}
}
